
Microsoft Visual Studio Solution File, Format Version 12.00
# Visual Studio 15
VisualStudioVersion = 15.0.27520.0
MinimumVisualStudioVersion = 10.0.40219.1
Project("{FAE04EC0-301F-11D3-BF4B-00C04F79EFBC}") = "SignalRMiddleware", "SignalRMiddleware\SignalRMiddleware.csproj", "{A1273DDA-B498-4EDC-BE89-CCE0124EB6DB}"
EndProject
Global
	GlobalSection(SolutionConfigurationPlatforms) = preSolution
		Debug|Any CPU = Debug|Any CPU
		Release|Any CPU = Release|Any CPU
	EndGlobalSection
	GlobalSection(ProjectConfigurationPlatforms) = postSolution
		{A1273DDA-B498-4EDC-BE89-CCE0124EB6DB}.Debug|Any CPU.ActiveCfg = Debug|Any CPU
		{A1273DDA-B498-4EDC-BE89-CCE0124EB6DB}.Debug|Any CPU.Build.0 = Debug|Any CPU
		{A1273DDA-B498-4EDC-BE89-CCE0124EB6DB}.Release|Any CPU.ActiveCfg = Release|Any CPU
		{A1273DDA-B498-4EDC-BE89-CCE0124EB6DB}.Release|Any CPU.Build.0 = Release|Any CPU
	EndGlobalSection
	GlobalSection(SolutionProperties) = preSolution
		HideSolutionNode = FALSE
	EndGlobalSection
	GlobalSection(ExtensibilityGlobals) = postSolution
		SolutionGuid = {A0D2F192-10FD-44DB-8A0C-C01E6E00FE4C}
	EndGlobalSection
EndGlobal
